// !$*UTF8*$!
{
	archiveVersion = 1;
	classes = {
	};
	objectVersion = 46;
	objects = {

/* Begin PBXBuildFile section */
		24A129B79AF7B70A85463BA5 /* Pods_Power_Up.framework in Frameworks */ = {isa = PBXBuildFile; fileRef = 6F7780077B719710EFBF71B2 /* Pods_Power_Up.framework */; };
		53220B537DACF9CD652EC99D /* Pods_Power_UpTests.framework in Frameworks */ = {isa = PBXBuildFile; fileRef = F6F73BAF8E166743BE27F1B3 /* Pods_Power_UpTests.framework */; };
		9A13F3CF1E6734910020259F /* MainViewControllerSpec.swift in Sources */ = {isa = PBXBuildFile; fileRef = 9A13F3CE1E6734910020259F /* MainViewControllerSpec.swift */; };
		9A14851A1E7987D5002CB411 /* Gettable.swift in Sources */ = {isa = PBXBuildFile; fileRef = 9A1485191E7987D5002CB411 /* Gettable.swift */; };
		9A1485211E798EBB002CB411 /* ArticleViewModel.swift in Sources */ = {isa = PBXBuildFile; fileRef = 9A1485201E798EBB002CB411 /* ArticleViewModel.swift */; };
		9A1485231E799102002CB411 /* ArticleService.swift in Sources */ = {isa = PBXBuildFile; fileRef = 9A1485221E799102002CB411 /* ArticleService.swift */; };
		9A23875C1E35910C00909DCF /* Article.swift in Sources */ = {isa = PBXBuildFile; fileRef = 9A23875B1E35910C00909DCF /* Article.swift */; };
		9A3F9EDF1E385B9F003115B3 /* DetailViewController.swift in Sources */ = {isa = PBXBuildFile; fileRef = 9A3F9EDE1E385B9F003115B3 /* DetailViewController.swift */; };
		9A3F9EE61E39443B003115B3 /* Extensions.swift in Sources */ = {isa = PBXBuildFile; fileRef = 9A3F9EE51E39443B003115B3 /* Extensions.swift */; };
		9A44A6631E34180900FF62E5 /* AppDelegate.swift in Sources */ = {isa = PBXBuildFile; fileRef = 9A44A6621E34180900FF62E5 /* AppDelegate.swift */; };
		9A44A6651E34180900FF62E5 /* MainViewController.swift in Sources */ = {isa = PBXBuildFile; fileRef = 9A44A6641E34180900FF62E5 /* MainViewController.swift */; };
		9A44A6681E34180900FF62E5 /* Main.storyboard in Resources */ = {isa = PBXBuildFile; fileRef = 9A44A6661E34180900FF62E5 /* Main.storyboard */; };
		9A44A66B1E34180900FF62E5 /* Power_Up.xcdatamodeld in Sources */ = {isa = PBXBuildFile; fileRef = 9A44A6691E34180900FF62E5 /* Power_Up.xcdatamodeld */; };
		9A44A66D1E34180900FF62E5 /* Assets.xcassets in Resources */ = {isa = PBXBuildFile; fileRef = 9A44A66C1E34180900FF62E5 /* Assets.xcassets */; };
		9A44A6701E34180900FF62E5 /* LaunchScreen.storyboard in Resources */ = {isa = PBXBuildFile; fileRef = 9A44A66E1E34180900FF62E5 /* LaunchScreen.storyboard */; };
		9A44A6861E34180900FF62E5 /* Power_UpUITests.swift in Sources */ = {isa = PBXBuildFile; fileRef = 9A44A6851E34180900FF62E5 /* Power_UpUITests.swift */; };
		9A44A6961E346C0D00FF62E5 /* ContentViewController.swift in Sources */ = {isa = PBXBuildFile; fileRef = 9A44A6951E346C0D00FF62E5 /* ContentViewController.swift */; };
		9A4A8A411E37FAC900E44FCF /* MainViewControllerPageViewDataSource.swift in Sources */ = {isa = PBXBuildFile; fileRef = 9A4A8A401E37FAC900E44FCF /* MainViewControllerPageViewDataSource.swift */; };
		9AAEDFBB1E79E2940003C701 /* AppConfiguration.swift in Sources */ = {isa = PBXBuildFile; fileRef = 9AAEDFBA1E79E2940003C701 /* AppConfiguration.swift */; };
		9AB2E1F81E803A8800B34BDB /* ArticleViewModelSpec.swift in Sources */ = {isa = PBXBuildFile; fileRef = 9AB2E1F71E803A8800B34BDB /* ArticleViewModelSpec.swift */; };
		9AC863171E67534F0093016D /* ArticleServiceAndGetterProtocolSpec.swift in Sources */ = {isa = PBXBuildFile; fileRef = 9AC863161E67534F0093016D /* ArticleServiceAndGetterProtocolSpec.swift */; };
		9AC863191E67633E0093016D /* ContentViewControllerSpec.swift in Sources */ = {isa = PBXBuildFile; fileRef = 9AC863181E67633E0093016D /* ContentViewControllerSpec.swift */; };
		9F2B3685DC062D03142ECFD9 /* Pods_Power_UpUITests.framework in Frameworks */ = {isa = PBXBuildFile; fileRef = 08863DE68964AB0B15A4C8BE /* Pods_Power_UpUITests.framework */; };
/* End PBXBuildFile section */

/* Begin PBXContainerItemProxy section */
		9A44A6771E34180900FF62E5 /* PBXContainerItemProxy */ = {
			isa = PBXContainerItemProxy;
			containerPortal = 9A44A6571E34180900FF62E5 /* Project object */;
			proxyType = 1;
			remoteGlobalIDString = 9A44A65E1E34180900FF62E5;
			remoteInfo = "Power Up";
		};
		9A44A6821E34180900FF62E5 /* PBXContainerItemProxy */ = {
			isa = PBXContainerItemProxy;
			containerPortal = 9A44A6571E34180900FF62E5 /* Project object */;
			proxyType = 1;
			remoteGlobalIDString = 9A44A65E1E34180900FF62E5;
			remoteInfo = "Power Up";
		};
/* End PBXContainerItemProxy section */

/* Begin PBXFileReference section */
		0092673368BD774DA03E6731 /* Pods-Power UpTests.release.xcconfig */ = {isa = PBXFileReference; includeInIndex = 1; lastKnownFileType = text.xcconfig; name = "Pods-Power UpTests.release.xcconfig"; path = "Pods/Target Support Files/Pods-Power UpTests/Pods-Power UpTests.release.xcconfig"; sourceTree = "<group>"; };
		04F2A0B29489CAF904003683 /* Pods-Power UpTests.debug.xcconfig */ = {isa = PBXFileReference; includeInIndex = 1; lastKnownFileType = text.xcconfig; name = "Pods-Power UpTests.debug.xcconfig"; path = "Pods/Target Support Files/Pods-Power UpTests/Pods-Power UpTests.debug.xcconfig"; sourceTree = "<group>"; };
		08863DE68964AB0B15A4C8BE /* Pods_Power_UpUITests.framework */ = {isa = PBXFileReference; explicitFileType = wrapper.framework; includeInIndex = 0; path = Pods_Power_UpUITests.framework; sourceTree = BUILT_PRODUCTS_DIR; };
		3D0EFF916BE067A65EB3998B /* Pods-Power UpUITests.release.xcconfig */ = {isa = PBXFileReference; includeInIndex = 1; lastKnownFileType = text.xcconfig; name = "Pods-Power UpUITests.release.xcconfig"; path = "Pods/Target Support Files/Pods-Power UpUITests/Pods-Power UpUITests.release.xcconfig"; sourceTree = "<group>"; };
		6F08D82C23AB55DDCC2254A0 /* Pods-Power Up.release.xcconfig */ = {isa = PBXFileReference; includeInIndex = 1; lastKnownFileType = text.xcconfig; name = "Pods-Power Up.release.xcconfig"; path = "Pods/Target Support Files/Pods-Power Up/Pods-Power Up.release.xcconfig"; sourceTree = "<group>"; };
		6F7780077B719710EFBF71B2 /* Pods_Power_Up.framework */ = {isa = PBXFileReference; explicitFileType = wrapper.framework; includeInIndex = 0; path = Pods_Power_Up.framework; sourceTree = BUILT_PRODUCTS_DIR; };
		9A13F3CE1E6734910020259F /* MainViewControllerSpec.swift */ = {isa = PBXFileReference; fileEncoding = 4; lastKnownFileType = sourcecode.swift; path = MainViewControllerSpec.swift; sourceTree = "<group>"; };
		9A1485191E7987D5002CB411 /* Gettable.swift */ = {isa = PBXFileReference; fileEncoding = 4; lastKnownFileType = sourcecode.swift; path = Gettable.swift; sourceTree = "<group>"; };
		9A1485201E798EBB002CB411 /* ArticleViewModel.swift */ = {isa = PBXFileReference; fileEncoding = 4; lastKnownFileType = sourcecode.swift; path = ArticleViewModel.swift; sourceTree = "<group>"; };
		9A1485221E799102002CB411 /* ArticleService.swift */ = {isa = PBXFileReference; fileEncoding = 4; lastKnownFileType = sourcecode.swift; path = ArticleService.swift; sourceTree = "<group>"; };
		9A23875B1E35910C00909DCF /* Article.swift */ = {isa = PBXFileReference; fileEncoding = 4; lastKnownFileType = sourcecode.swift; path = Article.swift; sourceTree = "<group>"; };
		9A3F9EDE1E385B9F003115B3 /* DetailViewController.swift */ = {isa = PBXFileReference; fileEncoding = 4; lastKnownFileType = sourcecode.swift; path = DetailViewController.swift; sourceTree = "<group>"; };
		9A3F9EE51E39443B003115B3 /* Extensions.swift */ = {isa = PBXFileReference; fileEncoding = 4; lastKnownFileType = sourcecode.swift; path = Extensions.swift; sourceTree = "<group>"; };
		9A44A65F1E34180900FF62E5 /* Power Up.app */ = {isa = PBXFileReference; explicitFileType = wrapper.application; includeInIndex = 0; path = "Power Up.app"; sourceTree = BUILT_PRODUCTS_DIR; };
		9A44A6621E34180900FF62E5 /* AppDelegate.swift */ = {isa = PBXFileReference; lastKnownFileType = sourcecode.swift; path = AppDelegate.swift; sourceTree = "<group>"; };
		9A44A6641E34180900FF62E5 /* MainViewController.swift */ = {isa = PBXFileReference; lastKnownFileType = sourcecode.swift; path = MainViewController.swift; sourceTree = "<group>"; };
		9A44A6671E34180900FF62E5 /* Base */ = {isa = PBXFileReference; lastKnownFileType = file.storyboard; name = Base; path = Base.lproj/Main.storyboard; sourceTree = "<group>"; };
		9A44A66A1E34180900FF62E5 /* Power_Up.xcdatamodel */ = {isa = PBXFileReference; lastKnownFileType = wrapper.xcdatamodel; path = Power_Up.xcdatamodel; sourceTree = "<group>"; };
		9A44A66C1E34180900FF62E5 /* Assets.xcassets */ = {isa = PBXFileReference; lastKnownFileType = folder.assetcatalog; path = Assets.xcassets; sourceTree = "<group>"; };
		9A44A66F1E34180900FF62E5 /* Base */ = {isa = PBXFileReference; lastKnownFileType = file.storyboard; name = Base; path = Base.lproj/LaunchScreen.storyboard; sourceTree = "<group>"; };
		9A44A6711E34180900FF62E5 /* Info.plist */ = {isa = PBXFileReference; lastKnownFileType = text.plist.xml; path = Info.plist; sourceTree = "<group>"; };
		9A44A6761E34180900FF62E5 /* Power UpTests.xctest */ = {isa = PBXFileReference; explicitFileType = wrapper.cfbundle; includeInIndex = 0; path = "Power UpTests.xctest"; sourceTree = BUILT_PRODUCTS_DIR; };
		9A44A67C1E34180900FF62E5 /* Info.plist */ = {isa = PBXFileReference; lastKnownFileType = text.plist.xml; path = Info.plist; sourceTree = "<group>"; };
		9A44A6811E34180900FF62E5 /* Power UpUITests.xctest */ = {isa = PBXFileReference; explicitFileType = wrapper.cfbundle; includeInIndex = 0; path = "Power UpUITests.xctest"; sourceTree = BUILT_PRODUCTS_DIR; };
		9A44A6851E34180900FF62E5 /* Power_UpUITests.swift */ = {isa = PBXFileReference; lastKnownFileType = sourcecode.swift; path = Power_UpUITests.swift; sourceTree = "<group>"; };
		9A44A6871E34180900FF62E5 /* Info.plist */ = {isa = PBXFileReference; lastKnownFileType = text.plist.xml; path = Info.plist; sourceTree = "<group>"; };
		9A44A6951E346C0D00FF62E5 /* ContentViewController.swift */ = {isa = PBXFileReference; fileEncoding = 4; lastKnownFileType = sourcecode.swift; path = ContentViewController.swift; sourceTree = "<group>"; };
		9A4A8A401E37FAC900E44FCF /* MainViewControllerPageViewDataSource.swift */ = {isa = PBXFileReference; fileEncoding = 4; lastKnownFileType = sourcecode.swift; path = MainViewControllerPageViewDataSource.swift; sourceTree = "<group>"; };
		9A8C66DC1E673B3400836FD3 /* Quick.framework */ = {isa = PBXFileReference; lastKnownFileType = wrapper.framework; name = Quick.framework; path = "Pods/../build/Debug-iphoneos/Quick/Quick.framework"; sourceTree = "<group>"; };
		9A8C66DE1E673B3900836FD3 /* Nimble.framework */ = {isa = PBXFileReference; lastKnownFileType = wrapper.framework; name = Nimble.framework; path = "Pods/../build/Debug-iphoneos/Nimble/Nimble.framework"; sourceTree = "<group>"; };
		9AAEDFBA1E79E2940003C701 /* AppConfiguration.swift */ = {isa = PBXFileReference; fileEncoding = 4; lastKnownFileType = sourcecode.swift; path = AppConfiguration.swift; sourceTree = "<group>"; };
		9AB2E1F71E803A8800B34BDB /* ArticleViewModelSpec.swift */ = {isa = PBXFileReference; fileEncoding = 4; lastKnownFileType = sourcecode.swift; path = ArticleViewModelSpec.swift; sourceTree = "<group>"; };
		9AC863161E67534F0093016D /* ArticleServiceAndGetterProtocolSpec.swift */ = {isa = PBXFileReference; fileEncoding = 4; lastKnownFileType = sourcecode.swift; path = ArticleServiceAndGetterProtocolSpec.swift; sourceTree = "<group>"; };
		9AC863181E67633E0093016D /* ContentViewControllerSpec.swift */ = {isa = PBXFileReference; fileEncoding = 4; lastKnownFileType = sourcecode.swift; path = ContentViewControllerSpec.swift; sourceTree = "<group>"; };
		A95CCAADD21F46998EA30466 /* Pods-Power UpUITests.debug.xcconfig */ = {isa = PBXFileReference; includeInIndex = 1; lastKnownFileType = text.xcconfig; name = "Pods-Power UpUITests.debug.xcconfig"; path = "Pods/Target Support Files/Pods-Power UpUITests/Pods-Power UpUITests.debug.xcconfig"; sourceTree = "<group>"; };
		D07ED3A68893BB2D93C34F01 /* Pods-Power Up.debug.xcconfig */ = {isa = PBXFileReference; includeInIndex = 1; lastKnownFileType = text.xcconfig; name = "Pods-Power Up.debug.xcconfig"; path = "Pods/Target Support Files/Pods-Power Up/Pods-Power Up.debug.xcconfig"; sourceTree = "<group>"; };
		F6F73BAF8E166743BE27F1B3 /* Pods_Power_UpTests.framework */ = {isa = PBXFileReference; explicitFileType = wrapper.framework; includeInIndex = 0; path = Pods_Power_UpTests.framework; sourceTree = BUILT_PRODUCTS_DIR; };
/* End PBXFileReference section */

/* Begin PBXFrameworksBuildPhase section */
		9A44A65C1E34180900FF62E5 /* Frameworks */ = {
			isa = PBXFrameworksBuildPhase;
			buildActionMask = 2147483647;
			files = (
				24A129B79AF7B70A85463BA5 /* Pods_Power_Up.framework in Frameworks */,
			);
			runOnlyForDeploymentPostprocessing = 0;
		};
		9A44A6731E34180900FF62E5 /* Frameworks */ = {
			isa = PBXFrameworksBuildPhase;
			buildActionMask = 2147483647;
			files = (
				53220B537DACF9CD652EC99D /* Pods_Power_UpTests.framework in Frameworks */,
			);
			runOnlyForDeploymentPostprocessing = 0;
		};
		9A44A67E1E34180900FF62E5 /* Frameworks */ = {
			isa = PBXFrameworksBuildPhase;
			buildActionMask = 2147483647;
			files = (
				9F2B3685DC062D03142ECFD9 /* Pods_Power_UpUITests.framework in Frameworks */,
			);
			runOnlyForDeploymentPostprocessing = 0;
		};
/* End PBXFrameworksBuildPhase section */

/* Begin PBXGroup section */
		1B5EBDBBC305324172FBB56A /* Frameworks */ = {
			isa = PBXGroup;
			children = (
				9A8C66DE1E673B3900836FD3 /* Nimble.framework */,
				9A8C66DC1E673B3400836FD3 /* Quick.framework */,
				6F7780077B719710EFBF71B2 /* Pods_Power_Up.framework */,
				F6F73BAF8E166743BE27F1B3 /* Pods_Power_UpTests.framework */,
				08863DE68964AB0B15A4C8BE /* Pods_Power_UpUITests.framework */,
			);
			name = Frameworks;
			sourceTree = "<group>";
		};
		8F90152AF258B32FBDE90ACC /* Pods */ = {
			isa = PBXGroup;
			children = (
				D07ED3A68893BB2D93C34F01 /* Pods-Power Up.debug.xcconfig */,
				6F08D82C23AB55DDCC2254A0 /* Pods-Power Up.release.xcconfig */,
				04F2A0B29489CAF904003683 /* Pods-Power UpTests.debug.xcconfig */,
				0092673368BD774DA03E6731 /* Pods-Power UpTests.release.xcconfig */,
				A95CCAADD21F46998EA30466 /* Pods-Power UpUITests.debug.xcconfig */,
				3D0EFF916BE067A65EB3998B /* Pods-Power UpUITests.release.xcconfig */,
			);
			name = Pods;
			sourceTree = "<group>";
		};
		9A14851D1E798DDE002CB411 /* ViewModels */ = {
			isa = PBXGroup;
			children = (
				9A1485201E798EBB002CB411 /* ArticleViewModel.swift */,
			);
			name = ViewModels;
			sourceTree = "<group>";
		};
		9A23875A1E35907800909DCF /* Models */ = {
			isa = PBXGroup;
			children = (
				9A23875B1E35910C00909DCF /* Article.swift */,
			);
			name = Models;
			sourceTree = "<group>";
		};
		9A3F9EE21E394258003115B3 /* Extensions  */ = {
			isa = PBXGroup;
			children = (
				9A3F9EE51E39443B003115B3 /* Extensions.swift */,
			);
			name = "Extensions ";
			sourceTree = "<group>";
		};
		9A44A6561E34180900FF62E5 = {
			isa = PBXGroup;
			children = (
				9A44A6611E34180900FF62E5 /* Power Up */,
				9A44A6791E34180900FF62E5 /* Power UpTests */,
				9A44A6841E34180900FF62E5 /* Power UpUITests */,
				9A44A6601E34180900FF62E5 /* Products */,
				8F90152AF258B32FBDE90ACC /* Pods */,
				1B5EBDBBC305324172FBB56A /* Frameworks */,
			);
			sourceTree = "<group>";
		};
		9A44A6601E34180900FF62E5 /* Products */ = {
			isa = PBXGroup;
			children = (
				9A44A65F1E34180900FF62E5 /* Power Up.app */,
				9A44A6761E34180900FF62E5 /* Power UpTests.xctest */,
				9A44A6811E34180900FF62E5 /* Power UpUITests.xctest */,
			);
			name = Products;
			sourceTree = "<group>";
		};
		9A44A6611E34180900FF62E5 /* Power Up */ = {
			isa = PBXGroup;
			children = (
				9AAEDFB91E79E2880003C701 /* Configuration */,
				9AF32F5E1E6727000078DFE3 /* Networking */,
				9A3F9EE21E394258003115B3 /* Extensions  */,
				9A23875A1E35907800909DCF /* Models */,
				9A14851D1E798DDE002CB411 /* ViewModels */,
				9A44A6971E3568BD00FF62E5 /* ViewControllers */,
				9A44A6621E34180900FF62E5 /* AppDelegate.swift */,
				9A44A6661E34180900FF62E5 /* Main.storyboard */,
				9A44A66C1E34180900FF62E5 /* Assets.xcassets */,
				9A44A66E1E34180900FF62E5 /* LaunchScreen.storyboard */,
				9A44A6711E34180900FF62E5 /* Info.plist */,
				9A44A6691E34180900FF62E5 /* Power_Up.xcdatamodeld */,
			);
			path = "Power Up";
			sourceTree = "<group>";
		};
		9A44A6791E34180900FF62E5 /* Power UpTests */ = {
			isa = PBXGroup;
			children = (
				9A44A67C1E34180900FF62E5 /* Info.plist */,
				9A13F3CE1E6734910020259F /* MainViewControllerSpec.swift */,
				9AC863161E67534F0093016D /* ArticleServiceAndGetterProtocolSpec.swift */,
				9AC863181E67633E0093016D /* ContentViewControllerSpec.swift */,
				9AB2E1F71E803A8800B34BDB /* ArticleViewModelSpec.swift */,
			);
			path = "Power UpTests";
			sourceTree = "<group>";
		};
		9A44A6841E34180900FF62E5 /* Power UpUITests */ = {
			isa = PBXGroup;
			children = (
				9A44A6851E34180900FF62E5 /* Power_UpUITests.swift */,
				9A44A6871E34180900FF62E5 /* Info.plist */,
			);
			path = "Power UpUITests";
			sourceTree = "<group>";
		};
		9A44A6971E3568BD00FF62E5 /* ViewControllers */ = {
			isa = PBXGroup;
			children = (
				9A44A6641E34180900FF62E5 /* MainViewController.swift */,
				9A4A8A401E37FAC900E44FCF /* MainViewControllerPageViewDataSource.swift */,
				9A44A6951E346C0D00FF62E5 /* ContentViewController.swift */,
				9A3F9EDE1E385B9F003115B3 /* DetailViewController.swift */,
			);
			name = ViewControllers;
			sourceTree = "<group>";
		};
		9AAEDFB91E79E2880003C701 /* Configuration */ = {
			isa = PBXGroup;
			children = (
				9AAEDFBA1E79E2940003C701 /* AppConfiguration.swift */,
			);
			name = Configuration;
			sourceTree = "<group>";
		};
		9AF32F5E1E6727000078DFE3 /* Networking */ = {
			isa = PBXGroup;
			children = (
				9A1485191E7987D5002CB411 /* Gettable.swift */,
				9A1485221E799102002CB411 /* ArticleService.swift */,
			);
			name = Networking;
			sourceTree = "<group>";
		};
/* End PBXGroup section */

/* Begin PBXNativeTarget section */
		9A44A65E1E34180900FF62E5 /* Power Up */ = {
			isa = PBXNativeTarget;
			buildConfigurationList = 9A44A68A1E34180900FF62E5 /* Build configuration list for PBXNativeTarget "Power Up" */;
			buildPhases = (
				662E61B772EFA94D1D80BF97 /* [CP] Check Pods Manifest.lock */,
				9A44A65B1E34180900FF62E5 /* Sources */,
				9A44A65C1E34180900FF62E5 /* Frameworks */,
				9A44A65D1E34180900FF62E5 /* Resources */,
				88BE2ADBA0CD80212BA0B1A7 /* [CP] Embed Pods Frameworks */,
				5FEB0A2464013509B597D902 /* [CP] Copy Pods Resources */,
			);
			buildRules = (
			);
			dependencies = (
			);
			name = "Power Up";
			productName = "Power Up";
			productReference = 9A44A65F1E34180900FF62E5 /* Power Up.app */;
			productType = "com.apple.product-type.application";
		};
		9A44A6751E34180900FF62E5 /* Power UpTests */ = {
			isa = PBXNativeTarget;
			buildConfigurationList = 9A44A68D1E34180900FF62E5 /* Build configuration list for PBXNativeTarget "Power UpTests" */;
			buildPhases = (
				25610C80B3741760D434727F /* [CP] Check Pods Manifest.lock */,
				9A44A6721E34180900FF62E5 /* Sources */,
				9A44A6731E34180900FF62E5 /* Frameworks */,
				9A44A6741E34180900FF62E5 /* Resources */,
				0B6A45B060769EFEB0CED65B /* [CP] Embed Pods Frameworks */,
				10C7ECDA3024B1ED4F7AF818 /* [CP] Copy Pods Resources */,
			);
			buildRules = (
			);
			dependencies = (
				9A44A6781E34180900FF62E5 /* PBXTargetDependency */,
			);
			name = "Power UpTests";
			productName = "Power UpTests";
			productReference = 9A44A6761E34180900FF62E5 /* Power UpTests.xctest */;
			productType = "com.apple.product-type.bundle.unit-test";
		};
		9A44A6801E34180900FF62E5 /* Power UpUITests */ = {
			isa = PBXNativeTarget;
			buildConfigurationList = 9A44A6901E34180900FF62E5 /* Build configuration list for PBXNativeTarget "Power UpUITests" */;
			buildPhases = (
				B5A45556B4F0808CB8D07821 /* [CP] Check Pods Manifest.lock */,
				9A44A67D1E34180900FF62E5 /* Sources */,
				9A44A67E1E34180900FF62E5 /* Frameworks */,
				9A44A67F1E34180900FF62E5 /* Resources */,
				BF9FBC26ECEFA6A094A08A2A /* [CP] Embed Pods Frameworks */,
				8E8DCCC9264248FBF744012B /* [CP] Copy Pods Resources */,
			);
			buildRules = (
			);
			dependencies = (
				9A44A6831E34180900FF62E5 /* PBXTargetDependency */,
			);
			name = "Power UpUITests";
			productName = "Power UpUITests";
			productReference = 9A44A6811E34180900FF62E5 /* Power UpUITests.xctest */;
			productType = "com.apple.product-type.bundle.ui-testing";
		};
/* End PBXNativeTarget section */

/* Begin PBXProject section */
		9A44A6571E34180900FF62E5 /* Project object */ = {
			isa = PBXProject;
			attributes = {
				LastSwiftUpdateCheck = 0820;
				LastUpgradeCheck = 0820;
				ORGANIZATIONNAME = Somnibyte;
				TargetAttributes = {
					9A44A65E1E34180900FF62E5 = {
						CreatedOnToolsVersion = 8.2;
						DevelopmentTeam = DZV4MYF2U6;
						ProvisioningStyle = Automatic;
					};
					9A44A6751E34180900FF62E5 = {
						CreatedOnToolsVersion = 8.2;
						DevelopmentTeam = DZV4MYF2U6;
						ProvisioningStyle = Automatic;
						TestTargetID = 9A44A65E1E34180900FF62E5;
					};
					9A44A6801E34180900FF62E5 = {
						CreatedOnToolsVersion = 8.2;
						DevelopmentTeam = DZV4MYF2U6;
						ProvisioningStyle = Automatic;
						TestTargetID = 9A44A65E1E34180900FF62E5;
					};
				};
			};
			buildConfigurationList = 9A44A65A1E34180900FF62E5 /* Build configuration list for PBXProject "Power Up" */;
			compatibilityVersion = "Xcode 3.2";
			developmentRegion = English;
			hasScannedForEncodings = 0;
			knownRegions = (
				en,
				Base,
			);
			mainGroup = 9A44A6561E34180900FF62E5;
			productRefGroup = 9A44A6601E34180900FF62E5 /* Products */;
			projectDirPath = "";
			projectRoot = "";
			targets = (
				9A44A65E1E34180900FF62E5 /* Power Up */,
				9A44A6751E34180900FF62E5 /* Power UpTests */,
				9A44A6801E34180900FF62E5 /* Power UpUITests */,
			);
		};
/* End PBXProject section */

/* Begin PBXResourcesBuildPhase section */
		9A44A65D1E34180900FF62E5 /* Resources */ = {
			isa = PBXResourcesBuildPhase;
			buildActionMask = 2147483647;
			files = (
				9A44A6701E34180900FF62E5 /* LaunchScreen.storyboard in Resources */,
				9A44A66D1E34180900FF62E5 /* Assets.xcassets in Resources */,
				9A44A6681E34180900FF62E5 /* Main.storyboard in Resources */,
			);
			runOnlyForDeploymentPostprocessing = 0;
		};
		9A44A6741E34180900FF62E5 /* Resources */ = {
			isa = PBXResourcesBuildPhase;
			buildActionMask = 2147483647;
			files = (
			);
			runOnlyForDeploymentPostprocessing = 0;
		};
		9A44A67F1E34180900FF62E5 /* Resources */ = {
			isa = PBXResourcesBuildPhase;
			buildActionMask = 2147483647;
			files = (
			);
			runOnlyForDeploymentPostprocessing = 0;
		};
/* End PBXResourcesBuildPhase section */

/* Begin PBXShellScriptBuildPhase section */
		0B6A45B060769EFEB0CED65B /* [CP] Embed Pods Frameworks */ = {
			isa = PBXShellScriptBuildPhase;
			buildActionMask = 2147483647;
			files = (
			);
			inputPaths = (
			);
			name = "[CP] Embed Pods Frameworks";
			outputPaths = (
			);
			runOnlyForDeploymentPostprocessing = 0;
			shellPath = /bin/sh;
			shellScript = "\"${SRCROOT}/Pods/Target Support Files/Pods-Power UpTests/Pods-Power UpTests-frameworks.sh\"\n";
			showEnvVarsInLog = 0;
		};
		10C7ECDA3024B1ED4F7AF818 /* [CP] Copy Pods Resources */ = {
			isa = PBXShellScriptBuildPhase;
			buildActionMask = 2147483647;
			files = (
			);
			inputPaths = (
			);
			name = "[CP] Copy Pods Resources";
			outputPaths = (
			);
			runOnlyForDeploymentPostprocessing = 0;
			shellPath = /bin/sh;
			shellScript = "\"${SRCROOT}/Pods/Target Support Files/Pods-Power UpTests/Pods-Power UpTests-resources.sh\"\n";
			showEnvVarsInLog = 0;
		};
		25610C80B3741760D434727F /* [CP] Check Pods Manifest.lock */ = {
			isa = PBXShellScriptBuildPhase;
			buildActionMask = 2147483647;
			files = (
			);
			inputPaths = (
			);
			name = "[CP] Check Pods Manifest.lock";
			outputPaths = (
			);
			runOnlyForDeploymentPostprocessing = 0;
			shellPath = /bin/sh;
			shellScript = "diff \"${PODS_ROOT}/../Podfile.lock\" \"${PODS_ROOT}/Manifest.lock\" > /dev/null\nif [ $? != 0 ] ; then\n    # print error to STDERR\n    echo \"error: The sandbox is not in sync with the Podfile.lock. Run 'pod install' or update your CocoaPods installation.\" >&2\n    exit 1\nfi\n";
			showEnvVarsInLog = 0;
		};
		5FEB0A2464013509B597D902 /* [CP] Copy Pods Resources */ = {
			isa = PBXShellScriptBuildPhase;
			buildActionMask = 2147483647;
			files = (
			);
			inputPaths = (
			);
			name = "[CP] Copy Pods Resources";
			outputPaths = (
			);
			runOnlyForDeploymentPostprocessing = 0;
			shellPath = /bin/sh;
			shellScript = "\"${SRCROOT}/Pods/Target Support Files/Pods-Power Up/Pods-Power Up-resources.sh\"\n";
			showEnvVarsInLog = 0;
		};
		662E61B772EFA94D1D80BF97 /* [CP] Check Pods Manifest.lock */ = {
			isa = PBXShellScriptBuildPhase;
			buildActionMask = 2147483647;
			files = (
			);
			inputPaths = (
			);
			name = "[CP] Check Pods Manifest.lock";
			outputPaths = (
			);
			runOnlyForDeploymentPostprocessing = 0;
			shellPath = /bin/sh;
			shellScript = "diff \"${PODS_ROOT}/../Podfile.lock\" \"${PODS_ROOT}/Manifest.lock\" > /dev/null\nif [ $? != 0 ] ; then\n    # print error to STDERR\n    echo \"error: The sandbox is not in sync with the Podfile.lock. Run 'pod install' or update your CocoaPods installation.\" >&2\n    exit 1\nfi\n";
			showEnvVarsInLog = 0;
		};
		88BE2ADBA0CD80212BA0B1A7 /* [CP] Embed Pods Frameworks */ = {
			isa = PBXShellScriptBuildPhase;
			buildActionMask = 2147483647;
			files = (
			);
			inputPaths = (
			);
			name = "[CP] Embed Pods Frameworks";
			outputPaths = (
			);
			runOnlyForDeploymentPostprocessing = 0;
			shellPath = /bin/sh;
			shellScript = "\"${SRCROOT}/Pods/Target Support Files/Pods-Power Up/Pods-Power Up-frameworks.sh\"\n";
			showEnvVarsInLog = 0;
		};
		8E8DCCC9264248FBF744012B /* [CP] Copy Pods Resources */ = {
			isa = PBXShellScriptBuildPhase;
			buildActionMask = 2147483647;
			files = (
			);
			inputPaths = (
			);
			name = "[CP] Copy Pods Resources";
			outputPaths = (
			);
			runOnlyForDeploymentPostprocessing = 0;
			shellPath = /bin/sh;
			shellScript = "\"${SRCROOT}/Pods/Target Support Files/Pods-Power UpUITests/Pods-Power UpUITests-resources.sh\"\n";
			showEnvVarsInLog = 0;
		};
		B5A45556B4F0808CB8D07821 /* [CP] Check Pods Manifest.lock */ = {
			isa = PBXShellScriptBuildPhase;
			buildActionMask = 2147483647;
			files = (
			);
			inputPaths = (
			);
			name = "[CP] Check Pods Manifest.lock";
			outputPaths = (
			);
			runOnlyForDeploymentPostprocessing = 0;
			shellPath = /bin/sh;
			shellScript = "diff \"${PODS_ROOT}/../Podfile.lock\" \"${PODS_ROOT}/Manifest.lock\" > /dev/null\nif [ $? != 0 ] ; then\n    # print error to STDERR\n    echo \"error: The sandbox is not in sync with the Podfile.lock. Run 'pod install' or update your CocoaPods installation.\" >&2\n    exit 1\nfi\n";
			showEnvVarsInLog = 0;
		};
		BF9FBC26ECEFA6A094A08A2A /* [CP] Embed Pods Frameworks */ = {
			isa = PBXShellScriptBuildPhase;
			buildActionMask = 2147483647;
			files = (
			);
			inputPaths = (
			);
			name = "[CP] Embed Pods Frameworks";
			outputPaths = (
			);
			runOnlyForDeploymentPostprocessing = 0;
			shellPath = /bin/sh;
			shellScript = "\"${SRCROOT}/Pods/Target Support Files/Pods-Power UpUITests/Pods-Power UpUITests-frameworks.sh\"\n";
			showEnvVarsInLog = 0;
		};
/* End PBXShellScriptBuildPhase section */

/* Begin PBXSourcesBuildPhase section */
		9A44A65B1E34180900FF62E5 /* Sources */ = {
			isa = PBXSourcesBuildPhase;
			buildActionMask = 2147483647;
			files = (
				9A1485231E799102002CB411 /* ArticleService.swift in Sources */,
				9A44A6961E346C0D00FF62E5 /* ContentViewController.swift in Sources */,
				9A44A66B1E34180900FF62E5 /* Power_Up.xcdatamodeld in Sources */,
				9A14851A1E7987D5002CB411 /* Gettable.swift in Sources */,
				9A23875C1E35910C00909DCF /* Article.swift in Sources */,
				9A4A8A411E37FAC900E44FCF /* MainViewControllerPageViewDataSource.swift in Sources */,
				9AAEDFBB1E79E2940003C701 /* AppConfiguration.swift in Sources */,
				9A44A6651E34180900FF62E5 /* MainViewController.swift in Sources */,
				9A44A6631E34180900FF62E5 /* AppDelegate.swift in Sources */,
				9A3F9EE61E39443B003115B3 /* Extensions.swift in Sources */,
				9A3F9EDF1E385B9F003115B3 /* DetailViewController.swift in Sources */,
				9A1485211E798EBB002CB411 /* ArticleViewModel.swift in Sources */,
			);
			runOnlyForDeploymentPostprocessing = 0;
		};
		9A44A6721E34180900FF62E5 /* Sources */ = {
			isa = PBXSourcesBuildPhase;
			buildActionMask = 2147483647;
			files = (
				9AB2E1F81E803A8800B34BDB /* ArticleViewModelSpec.swift in Sources */,
				9AC863171E67534F0093016D /* ArticleServiceAndGetterProtocolSpec.swift in Sources */,
				9A13F3CF1E6734910020259F /* MainViewControllerSpec.swift in Sources */,
				9AC863191E67633E0093016D /* ContentViewControllerSpec.swift in Sources */,
			);
			runOnlyForDeploymentPostprocessing = 0;
		};
		9A44A67D1E34180900FF62E5 /* Sources */ = {
			isa = PBXSourcesBuildPhase;
			buildActionMask = 2147483647;
			files = (
				9A44A6861E34180900FF62E5 /* Power_UpUITests.swift in Sources */,
			);
			runOnlyForDeploymentPostprocessing = 0;
		};
/* End PBXSourcesBuildPhase section */

/* Begin PBXTargetDependency section */
		9A44A6781E34180900FF62E5 /* PBXTargetDependency */ = {
			isa = PBXTargetDependency;
			target = 9A44A65E1E34180900FF62E5 /* Power Up */;
			targetProxy = 9A44A6771E34180900FF62E5 /* PBXContainerItemProxy */;
		};
		9A44A6831E34180900FF62E5 /* PBXTargetDependency */ = {
			isa = PBXTargetDependency;
			target = 9A44A65E1E34180900FF62E5 /* Power Up */;
			targetProxy = 9A44A6821E34180900FF62E5 /* PBXContainerItemProxy */;
		};
/* End PBXTargetDependency section */

/* Begin PBXVariantGroup section */
		9A44A6661E34180900FF62E5 /* Main.storyboard */ = {
			isa = PBXVariantGroup;
			children = (
				9A44A6671E34180900FF62E5 /* Base */,
			);
			name = Main.storyboard;
			sourceTree = "<group>";
		};
		9A44A66E1E34180900FF62E5 /* LaunchScreen.storyboard */ = {
			isa = PBXVariantGroup;
			children = (
				9A44A66F1E34180900FF62E5 /* Base */,
			);
			name = LaunchScreen.storyboard;
			sourceTree = "<group>";
		};
/* End PBXVariantGroup section */

/* Begin XCBuildConfiguration section */
		9A44A6881E34180900FF62E5 /* Debug */ = {
			isa = XCBuildConfiguration;
			buildSettings = {
				ALWAYS_SEARCH_USER_PATHS = NO;
				CLANG_ANALYZER_NONNULL = YES;
				CLANG_CXX_LANGUAGE_STANDARD = "gnu++0x";
				CLANG_CXX_LIBRARY = "libc++";
				CLANG_ENABLE_MODULES = YES;
				CLANG_ENABLE_OBJC_ARC = YES;
				CLANG_WARN_BOOL_CONVERSION = YES;
				CLANG_WARN_CONSTANT_CONVERSION = YES;
				CLANG_WARN_DIRECT_OBJC_ISA_USAGE = YES_ERROR;
				CLANG_WARN_DOCUMENTATION_COMMENTS = YES;
				CLANG_WARN_EMPTY_BODY = YES;
				CLANG_WARN_ENUM_CONVERSION = YES;
				CLANG_WARN_INFINITE_RECURSION = YES;
				CLANG_WARN_INT_CONVERSION = YES;
				CLANG_WARN_OBJC_ROOT_CLASS = YES_ERROR;
				CLANG_WARN_SUSPICIOUS_MOVE = YES;
				CLANG_WARN_UNREACHABLE_CODE = YES;
				CLANG_WARN__DUPLICATE_METHOD_MATCH = YES;
				"CODE_SIGN_IDENTITY[sdk=iphoneos*]" = "iPhone Developer";
				COPY_PHASE_STRIP = NO;
				DEBUG_INFORMATION_FORMAT = dwarf;
				ENABLE_STRICT_OBJC_MSGSEND = YES;
				ENABLE_TESTABILITY = YES;
				GCC_C_LANGUAGE_STANDARD = gnu99;
				GCC_DYNAMIC_NO_PIC = NO;
				GCC_NO_COMMON_BLOCKS = YES;
				GCC_OPTIMIZATION_LEVEL = 0;
				GCC_PREPROCESSOR_DEFINITIONS = (
					"DEBUG=1",
					"$(inherited)",
				);
				GCC_WARN_64_TO_32_BIT_CONVERSION = YES;
				GCC_WARN_ABOUT_RETURN_TYPE = YES_ERROR;
				GCC_WARN_UNDECLARED_SELECTOR = YES;
				GCC_WARN_UNINITIALIZED_AUTOS = YES_AGGRESSIVE;
				GCC_WARN_UNUSED_FUNCTION = YES;
				GCC_WARN_UNUSED_VARIABLE = YES;
				IPHONEOS_DEPLOYMENT_TARGET = 10.2;
				MTL_ENABLE_DEBUG_INFO = YES;
				ONLY_ACTIVE_ARCH = YES;
				SDKROOT = iphoneos;
				SWIFT_ACTIVE_COMPILATION_CONDITIONS = DEBUG;
				SWIFT_OPTIMIZATION_LEVEL = "-Onone";
				TARGETED_DEVICE_FAMILY = "1,2";
			};
			name = Debug;
		};
		9A44A6891E34180900FF62E5 /* Release */ = {
			isa = XCBuildConfiguration;
			buildSettings = {
				ALWAYS_SEARCH_USER_PATHS = NO;
				CLANG_ANALYZER_NONNULL = YES;
				CLANG_CXX_LANGUAGE_STANDARD = "gnu++0x";
				CLANG_CXX_LIBRARY = "libc++";
				CLANG_ENABLE_MODULES = YES;
				CLANG_ENABLE_OBJC_ARC = YES;
				CLANG_WARN_BOOL_CONVERSION = YES;
				CLANG_WARN_CONSTANT_CONVERSION = YES;
				CLANG_WARN_DIRECT_OBJC_ISA_USAGE = YES_ERROR;
				CLANG_WARN_DOCUMENTATION_COMMENTS = YES;
				CLANG_WARN_EMPTY_BODY = YES;
				CLANG_WARN_ENUM_CONVERSION = YES;
				CLANG_WARN_INFINITE_RECURSION = YES;
				CLANG_WARN_INT_CONVERSION = YES;
				CLANG_WARN_OBJC_ROOT_CLASS = YES_ERROR;
				CLANG_WARN_SUSPICIOUS_MOVE = YES;
				CLANG_WARN_UNREACHABLE_CODE = YES;
				CLANG_WARN__DUPLICATE_METHOD_MATCH = YES;
				"CODE_SIGN_IDENTITY[sdk=iphoneos*]" = "iPhone Developer";
				COPY_PHASE_STRIP = NO;
				DEBUG_INFORMATION_FORMAT = "dwarf-with-dsym";
				ENABLE_NS_ASSERTIONS = NO;
				ENABLE_STRICT_OBJC_MSGSEND = YES;
				GCC_C_LANGUAGE_STANDARD = gnu99;
				GCC_NO_COMMON_BLOCKS = YES;
				GCC_WARN_64_TO_32_BIT_CONVERSION = YES;
				GCC_WARN_ABOUT_RETURN_TYPE = YES_ERROR;
				GCC_WARN_UNDECLARED_SELECTOR = YES;
				GCC_WARN_UNINITIALIZED_AUTOS = YES_AGGRESSIVE;
				GCC_WARN_UNUSED_FUNCTION = YES;
				GCC_WARN_UNUSED_VARIABLE = YES;
				IPHONEOS_DEPLOYMENT_TARGET = 10.2;
				MTL_ENABLE_DEBUG_INFO = NO;
				SDKROOT = iphoneos;
				SWIFT_OPTIMIZATION_LEVEL = "-Owholemodule";
				TARGETED_DEVICE_FAMILY = "1,2";
				VALIDATE_PRODUCT = YES;
			};
			name = Release;
		};
		9A44A68B1E34180900FF62E5 /* Debug */ = {
			isa = XCBuildConfiguration;
			baseConfigurationReference = D07ED3A68893BB2D93C34F01 /* Pods-Power Up.debug.xcconfig */;
			buildSettings = {
				ALWAYS_EMBED_SWIFT_STANDARD_LIBRARIES = "$(inherited)";
				ASSETCATALOG_COMPILER_APPICON_NAME = AppIcon;
				DEFINES_MODULE = YES;
				DEVELOPMENT_TEAM = DZV4MYF2U6;
				INFOPLIST_FILE = "Power Up/Info.plist";
				LD_RUNPATH_SEARCH_PATHS = "$(inherited) @executable_path/Frameworks";
				PRODUCT_BUNDLE_IDENTIFIER = "com.somnibyte.Power-Up";
				PRODUCT_NAME = "$(TARGET_NAME)";
				SWIFT_VERSION = 3.0;
			};
			name = Debug;
		};
		9A44A68C1E34180900FF62E5 /* Release */ = {
			isa = XCBuildConfiguration;
			baseConfigurationReference = 6F08D82C23AB55DDCC2254A0 /* Pods-Power Up.release.xcconfig */;
			buildSettings = {
				ALWAYS_EMBED_SWIFT_STANDARD_LIBRARIES = "$(inherited)";
				ASSETCATALOG_COMPILER_APPICON_NAME = AppIcon;
				DEFINES_MODULE = YES;
				DEVELOPMENT_TEAM = DZV4MYF2U6;
				INFOPLIST_FILE = "Power Up/Info.plist";
				LD_RUNPATH_SEARCH_PATHS = "$(inherited) @executable_path/Frameworks";
				PRODUCT_BUNDLE_IDENTIFIER = "com.somnibyte.Power-Up";
				PRODUCT_NAME = "$(TARGET_NAME)";
				SWIFT_VERSION = 3.0;
			};
			name = Release;
		};
		9A44A68E1E34180900FF62E5 /* Debug */ = {
			isa = XCBuildConfiguration;
			baseConfigurationReference = 04F2A0B29489CAF904003683 /* Pods-Power UpTests.debug.xcconfig */;
			buildSettings = {
				ALWAYS_EMBED_SWIFT_STANDARD_LIBRARIES = "$(inherited)";
				BUNDLE_LOADER = "$(TEST_HOST)";
				DEVELOPMENT_TEAM = DZV4MYF2U6;
				FRAMEWORK_SEARCH_PATHS = (
					"$(inherited)",
					"$(PROJECT_DIR)/build/Debug-iphoneos/Quick",
					"$(PROJECT_DIR)/build/Debug-iphoneos/Nimble",
				);
				INFOPLIST_FILE = "Power UpTests/Info.plist";
				LD_RUNPATH_SEARCH_PATHS = "$(inherited) @executable_path/Frameworks @loader_path/Frameworks";
				PRODUCT_BUNDLE_IDENTIFIER = "com.somnibyte.Power-UpTests";
				PRODUCT_NAME = "$(TARGET_NAME)";
				SWIFT_VERSION = 3.0;
				TEST_HOST = "$(BUILT_PRODUCTS_DIR)/Power Up.app/Power Up";
			};
			name = Debug;
		};
		9A44A68F1E34180900FF62E5 /* Release */ = {
			isa = XCBuildConfiguration;
			baseConfigurationReference = 0092673368BD774DA03E6731 /* Pods-Power UpTests.release.xcconfig */;
			buildSettings = {
				ALWAYS_EMBED_SWIFT_STANDARD_LIBRARIES = "$(inherited)";
				BUNDLE_LOADER = "$(TEST_HOST)";
				DEVELOPMENT_TEAM = DZV4MYF2U6;
				FRAMEWORK_SEARCH_PATHS = (
					"$(inherited)",
					"$(PROJECT_DIR)/build/Debug-iphoneos/Quick",
					"$(PROJECT_DIR)/build/Debug-iphoneos/Nimble",
				);
				INFOPLIST_FILE = "Power UpTests/Info.plist";
				LD_RUNPATH_SEARCH_PATHS = "$(inherited) @executable_path/Frameworks @loader_path/Frameworks";
				PRODUCT_BUNDLE_IDENTIFIER = "com.somnibyte.Power-UpTests";
				PRODUCT_NAME = "$(TARGET_NAME)";
				SWIFT_VERSION = 3.0;
				TEST_HOST = "$(BUILT_PRODUCTS_DIR)/Power Up.app/Power Up";
			};
			name = Release;
		};
		9A44A6911E34180900FF62E5 /* Debug */ = {
			isa = XCBuildConfiguration;
			baseConfigurationReference = A95CCAADD21F46998EA30466 /* Pods-Power UpUITests.debug.xcconfig */;
			buildSettings = {
				ALWAYS_EMBED_SWIFT_STANDARD_LIBRARIES = "$(inherited)";
				DEVELOPMENT_TEAM = DZV4MYF2U6;
				INFOPLIST_FILE = "Power UpUITests/Info.plist";
				LD_RUNPATH_SEARCH_PATHS = "$(inherited) @executable_path/Frameworks @loader_path/Frameworks";
				PRODUCT_BUNDLE_IDENTIFIER = "com.somnibyte.Power-UpUITests";
				PRODUCT_NAME = "$(TARGET_NAME)";
				SWIFT_VERSION = 3.0;
				TEST_TARGET_NAME = "Power Up";
			};
			name = Debug;
		};
		9A44A6921E34180900FF62E5 /* Release */ = {
			isa = XCBuildConfiguration;
			baseConfigurationReference = 3D0EFF916BE067A65EB3998B /* Pods-Power UpUITests.release.xcconfig */;
			buildSettings = {
				ALWAYS_EMBED_SWIFT_STANDARD_LIBRARIES = "$(inherited)";
				DEVELOPMENT_TEAM = DZV4MYF2U6;
				INFOPLIST_FILE = "Power UpUITests/Info.plist";
				LD_RUNPATH_SEARCH_PATHS = "$(inherited) @executable_path/Frameworks @loader_path/Frameworks";
				PRODUCT_BUNDLE_IDENTIFIER = "com.somnibyte.Power-UpUITests";
				PRODUCT_NAME = "$(TARGET_NAME)";
				SWIFT_VERSION = 3.0;
				TEST_TARGET_NAME = "Power Up";
			};
			name = Release;
		};
/* End XCBuildConfiguration section */

/* Begin XCConfigurationList section */
		9A44A65A1E34180900FF62E5 /* Build configuration list for PBXProject "Power Up" */ = {
			isa = XCConfigurationList;
			buildConfigurations = (
				9A44A6881E34180900FF62E5 /* Debug */,
				9A44A6891E34180900FF62E5 /* Release */,
			);
			defaultConfigurationIsVisible = 0;
			defaultConfigurationName = Release;
		};
		9A44A68A1E34180900FF62E5 /* Build configuration list for PBXNativeTarget "Power Up" */ = {
			isa = XCConfigurationList;
			buildConfigurations = (
				9A44A68B1E34180900FF62E5 /* Debug */,
				9A44A68C1E34180900FF62E5 /* Release */,
			);
			defaultConfigurationIsVisible = 0;
			defaultConfigurationName = Release;
		};
		9A44A68D1E34180900FF62E5 /* Build configuration list for PBXNativeTarget "Power UpTests" */ = {
			isa = XCConfigurationList;
			buildConfigurations = (
				9A44A68E1E34180900FF62E5 /* Debug */,
				9A44A68F1E34180900FF62E5 /* Release */,
			);
			defaultConfigurationIsVisible = 0;
			defaultConfigurationName = Release;
		};
		9A44A6901E34180900FF62E5 /* Build configuration list for PBXNativeTarget "Power UpUITests" */ = {
			isa = XCConfigurationList;
			buildConfigurations = (
				9A44A6911E34180900FF62E5 /* Debug */,
				9A44A6921E34180900FF62E5 /* Release */,
			);
			defaultConfigurationIsVisible = 0;
			defaultConfigurationName = Release;
		};
/* End XCConfigurationList section */

/* Begin XCVersionGroup section */
		9A44A6691E34180900FF62E5 /* Power_Up.xcdatamodeld */ = {
			isa = XCVersionGroup;
			children = (
				9A44A66A1E34180900FF62E5 /* Power_Up.xcdatamodel */,
			);
			currentVersion = 9A44A66A1E34180900FF62E5 /* Power_Up.xcdatamodel */;
			path = Power_Up.xcdatamodeld;
			sourceTree = "<group>";
			versionGroupType = wrapper.xcdatamodel;
		};
/* End XCVersionGroup section */
	};
	rootObject = 9A44A6571E34180900FF62E5 /* Project object */;
}
